
Microsoft Visual Studio Solution File, Format Version 12.00
# Visual Studio 2015
Project("{FAE04EC0-301F-11D3-BF4B-00C04F79EFBC}") = "2016-Spring.CSharp.Plugins", "2016-Spring.CSharp.Plugins.csproj", "{65536A10-CBB1-46AC-B99F-9B0BC4F0C9B6}"
EndProject
Project("{FAE04EC0-301F-11D3-BF4B-00C04F79EFBC}") = "2016-Spring.CSharp", "2016-Spring.CSharp.csproj", "{BD68D52C-3556-91DA-B95D-6F3DA7536D9D}"
EndProject
Project("{FAE04EC0-301F-11D3-BF4B-00C04F79EFBC}") = "2016-Spring.CSharp.Editor", "2016-Spring.CSharp.Editor.csproj", "{566D2CCD-11AA-40F8-68FD-8F60E9D1038D}"
EndProject
Global
	GlobalSection(SolutionConfigurationPlatforms) = preSolution
		Debug|Any CPU = Debug|Any CPU
		Release|Any CPU = Release|Any CPU
	EndGlobalSection
	GlobalSection(ProjectConfigurationPlatforms) = postSolution
		{65536A10-CBB1-46AC-B99F-9B0BC4F0C9B6}.Debug|Any CPU.ActiveCfg = Debug|Any CPU
		{65536A10-CBB1-46AC-B99F-9B0BC4F0C9B6}.Debug|Any CPU.Build.0 = Debug|Any CPU
		{65536A10-CBB1-46AC-B99F-9B0BC4F0C9B6}.Release|Any CPU.ActiveCfg = Release|Any CPU
		{65536A10-CBB1-46AC-B99F-9B0BC4F0C9B6}.Release|Any CPU.Build.0 = Release|Any CPU
		{BD68D52C-3556-91DA-B95D-6F3DA7536D9D}.Debug|Any CPU.ActiveCfg = Debug|Any CPU
		{BD68D52C-3556-91DA-B95D-6F3DA7536D9D}.Debug|Any CPU.Build.0 = Debug|Any CPU
		{BD68D52C-3556-91DA-B95D-6F3DA7536D9D}.Release|Any CPU.ActiveCfg = Release|Any CPU
		{BD68D52C-3556-91DA-B95D-6F3DA7536D9D}.Release|Any CPU.Build.0 = Release|Any CPU
		{566D2CCD-11AA-40F8-68FD-8F60E9D1038D}.Debug|Any CPU.ActiveCfg = Debug|Any CPU
		{566D2CCD-11AA-40F8-68FD-8F60E9D1038D}.Debug|Any CPU.Build.0 = Debug|Any CPU
		{566D2CCD-11AA-40F8-68FD-8F60E9D1038D}.Release|Any CPU.ActiveCfg = Release|Any CPU
		{566D2CCD-11AA-40F8-68FD-8F60E9D1038D}.Release|Any CPU.Build.0 = Release|Any CPU
	EndGlobalSection
	GlobalSection(SolutionProperties) = preSolution
		HideSolutionNode = FALSE
	EndGlobalSection
EndGlobal
